
Microsoft Visual Studio Solution File, Format Version 12.00
# Visual Studio Version 17
VisualStudioVersion = 17.7.34031.279
MinimumVisualStudioVersion = 10.0.40219.1
Project("{FAE04EC0-301F-11D3-BF4B-00C04F79EFBC}") = "ForgottenMemoriesFusions", "ForgottenMemoriesFusions\ForgottenMemoriesFusions.csproj", "{746759A0-56B2-4713-9640-1531082E917A}"
EndProject
Global
	GlobalSection(SolutionConfigurationPlatforms) = preSolution
		Debug|Any CPU = Debug|Any CPU
		Release|Any CPU = Release|Any CPU
	EndGlobalSection
	GlobalSection(ProjectConfigurationPlatforms) = postSolution
		{746759A0-56B2-4713-9640-1531082E917A}.Debug|Any CPU.ActiveCfg = Release|Any CPU
		{746759A0-56B2-4713-9640-1531082E917A}.Debug|Any CPU.Build.0 = Release|Any CPU
		{746759A0-56B2-4713-9640-1531082E917A}.Release|Any CPU.ActiveCfg = Release|Any CPU
		{746759A0-56B2-4713-9640-1531082E917A}.Release|Any CPU.Build.0 = Release|Any CPU
	EndGlobalSection
	GlobalSection(SolutionProperties) = preSolution
		HideSolutionNode = FALSE
	EndGlobalSection
	GlobalSection(ExtensibilityGlobals) = postSolution
		SolutionGuid = {7CFF2F82-D3D4-4E80-A45D-8427CBE83E01}
	EndGlobalSection
EndGlobal
